
Microsoft Visual Studio Solution File, Format Version 12.00
# Visual Studio Version 17
VisualStudioVersion = 17.13.35828.75 d17.13
MinimumVisualStudioVersion = 10.0.40219.1
Project("{FAE04EC0-301F-11D3-BF4B-00C04F79EFBC}") = "Encapsulation", "Encapsulation\Encapsulation.csproj", "{94F73308-93AD-4B83-AC02-638AF367D8F8}"
EndProject
Project("{FAE04EC0-301F-11D3-BF4B-00C04F79EFBC}") = "Encapsulation.Servisce", "Encapsulation.Servisce\Encapsulation.Servisce.csproj", "{F80A0A8E-7486-47D3-B866-4D5CF62679F4}"
EndProject
Global
	GlobalSection(SolutionConfigurationPlatforms) = preSolution
		Debug|Any CPU = Debug|Any CPU
		Release|Any CPU = Release|Any CPU
	EndGlobalSection
	GlobalSection(ProjectConfigurationPlatforms) = postSolution
		{94F73308-93AD-4B83-AC02-638AF367D8F8}.Debug|Any CPU.ActiveCfg = Debug|Any CPU
		{94F73308-93AD-4B83-AC02-638AF367D8F8}.Debug|Any CPU.Build.0 = Debug|Any CPU
		{94F73308-93AD-4B83-AC02-638AF367D8F8}.Release|Any CPU.ActiveCfg = Release|Any CPU
		{94F73308-93AD-4B83-AC02-638AF367D8F8}.Release|Any CPU.Build.0 = Release|Any CPU
		{F80A0A8E-7486-47D3-B866-4D5CF62679F4}.Debug|Any CPU.ActiveCfg = Debug|Any CPU
		{F80A0A8E-7486-47D3-B866-4D5CF62679F4}.Debug|Any CPU.Build.0 = Debug|Any CPU
		{F80A0A8E-7486-47D3-B866-4D5CF62679F4}.Release|Any CPU.ActiveCfg = Release|Any CPU
		{F80A0A8E-7486-47D3-B866-4D5CF62679F4}.Release|Any CPU.Build.0 = Release|Any CPU
	EndGlobalSection
	GlobalSection(SolutionProperties) = preSolution
		HideSolutionNode = FALSE
	EndGlobalSection
	GlobalSection(ExtensibilityGlobals) = postSolution
		SolutionGuid = {23E38FB4-11AE-4A67-A211-2C33BE91F77D}
	EndGlobalSection
EndGlobal
